
Microsoft Visual Studio Solution File, Format Version 12.00
# Visual Studio Version 17
VisualStudioVersion = 17.14.36310.24 d17.14
MinimumVisualStudioVersion = 10.0.40219.1
Project("{8BC9CEB8-8B4A-11D0-8D11-00A0C91BC942}") = "MyangPang", "MyangPang.vcxproj", "{C9003CB2-C72E-4F49-BA29-CAD4309B002C}"
EndProject
Global
	GlobalSection(SolutionConfigurationPlatforms) = preSolution
		Debug|x64 = Debug|x64
		Debug|x86 = Debug|x86
		Release|x64 = Release|x64
		Release|x86 = Release|x86
	EndGlobalSection
	GlobalSection(ProjectConfigurationPlatforms) = postSolution
		{C9003CB2-C72E-4F49-BA29-CAD4309B002C}.Debug|x64.ActiveCfg = Debug|x64
		{C9003CB2-C72E-4F49-BA29-CAD4309B002C}.Debug|x64.Build.0 = Debug|x64
		{C9003CB2-C72E-4F49-BA29-CAD4309B002C}.Debug|x86.ActiveCfg = Debug|Win32
		{C9003CB2-C72E-4F49-BA29-CAD4309B002C}.Debug|x86.Build.0 = Debug|Win32
		{C9003CB2-C72E-4F49-BA29-CAD4309B002C}.Release|x64.ActiveCfg = Release|x64
		{C9003CB2-C72E-4F49-BA29-CAD4309B002C}.Release|x64.Build.0 = Release|x64
		{C9003CB2-C72E-4F49-BA29-CAD4309B002C}.Release|x86.ActiveCfg = Release|Win32
		{C9003CB2-C72E-4F49-BA29-CAD4309B002C}.Release|x86.Build.0 = Release|Win32
	EndGlobalSection
	GlobalSection(SolutionProperties) = preSolution
		HideSolutionNode = FALSE
	EndGlobalSection
	GlobalSection(ExtensibilityGlobals) = postSolution
		SolutionGuid = {0F996BD7-1E53-4B78-B57B-3A83D7CD850B}
	EndGlobalSection
EndGlobal
